
Microsoft Visual Studio Solution File, Format Version 12.00
# Visual Studio Version 17
VisualStudioVersion = 17.3.32929.385
MinimumVisualStudioVersion = 10.0.40219.1
Project("{FAE04EC0-301F-11D3-BF4B-00C04F79EFBC}") = "Salary", "Salary.csproj", "{5243669A-8396-43D8-BACF-DC8D0DC687CF}"
EndProject
Global
	GlobalSection(SolutionConfigurationPlatforms) = preSolution
		Debug|Any CPU = Debug|Any CPU
		Release|Any CPU = Release|Any CPU
	EndGlobalSection
	GlobalSection(ProjectConfigurationPlatforms) = postSolution
		{5243669A-8396-43D8-BACF-DC8D0DC687CF}.Debug|Any CPU.ActiveCfg = Debug|Any CPU
		{5243669A-8396-43D8-BACF-DC8D0DC687CF}.Debug|Any CPU.Build.0 = Debug|Any CPU
		{5243669A-8396-43D8-BACF-DC8D0DC687CF}.Release|Any CPU.ActiveCfg = Release|Any CPU
		{5243669A-8396-43D8-BACF-DC8D0DC687CF}.Release|Any CPU.Build.0 = Release|Any CPU
	EndGlobalSection
	GlobalSection(SolutionProperties) = preSolution
		HideSolutionNode = FALSE
	EndGlobalSection
	GlobalSection(ExtensibilityGlobals) = postSolution
		SolutionGuid = {2DDFCE62-BF46-4E9C-95F8-A885B6BABE27}
	EndGlobalSection
EndGlobal
